// !$*UTF8*$!
{
	archiveVersion = 1;
	classes = {
	};
	objectVersion = 46;
	objects = {

/* Begin PBXBuildFile section */
		AD3BECB71C5F321800CF7375 /* AppDelegate.m in Sources */ = {isa = PBXBuildFile; fileRef = AD3BECAB1C5F321800CF7375 /* AppDelegate.m */; };
		AD3BECB81C5F321800CF7375 /* Assets.xcassets in Resources */ = {isa = PBXBuildFile; fileRef = AD3BECAC1C5F321800CF7375 /* Assets.xcassets */; };
		AD3BECB91C5F321800CF7375 /* LaunchScreen.storyboard in Resources */ = {isa = PBXBuildFile; fileRef = AD3BECAD1C5F321800CF7375 /* LaunchScreen.storyboard */; };
		AD3BECBA1C5F321800CF7375 /* Info.plist in Resources */ = {isa = PBXBuildFile; fileRef = AD3BECAF1C5F321800CF7375 /* Info.plist */; };
		AD3BECBB1C5F321800CF7375 /* main.m in Sources */ = {isa = PBXBuildFile; fileRef = AD3BECB01C5F321800CF7375 /* main.m */; };
		AD3BECBC1C5F321800CF7375 /* UINavigationController+HKExts.m in Sources */ = {isa = PBXBuildFile; fileRef = AD3BECB21C5F321800CF7375 /* UINavigationController+HKExts.m */; };
		AD3BECBD1C5F321800CF7375 /* UIViewController+HKSafeExts.m in Sources */ = {isa = PBXBuildFile; fileRef = AD3BECB41C5F321800CF7375 /* UIViewController+HKSafeExts.m */; };
		AD3BECBE1C5F321800CF7375 /* ViewController.m in Sources */ = {isa = PBXBuildFile; fileRef = AD3BECB61C5F321800CF7375 /* ViewController.m */; };
/* End PBXBuildFile section */

/* Begin PBXFileReference section */
		AD0DA2641C58D38B00EEC0FA /* SafeNavigation.app */ = {isa = PBXFileReference; explicitFileType = wrapper.application; includeInIndex = 0; path = SafeNavigation.app; sourceTree = BUILT_PRODUCTS_DIR; };
		AD3BECAA1C5F321800CF7375 /* AppDelegate.h */ = {isa = PBXFileReference; fileEncoding = 4; lastKnownFileType = sourcecode.c.h; path = AppDelegate.h; sourceTree = "<group>"; };
		AD3BECAB1C5F321800CF7375 /* AppDelegate.m */ = {isa = PBXFileReference; fileEncoding = 4; lastKnownFileType = sourcecode.c.objc; path = AppDelegate.m; sourceTree = "<group>"; };
		AD3BECAC1C5F321800CF7375 /* Assets.xcassets */ = {isa = PBXFileReference; lastKnownFileType = folder.assetcatalog; path = Assets.xcassets; sourceTree = "<group>"; };
		AD3BECAE1C5F321800CF7375 /* Base */ = {isa = PBXFileReference; lastKnownFileType = file.storyboard; name = Base; path = Base.lproj/LaunchScreen.storyboard; sourceTree = "<group>"; };
		AD3BECAF1C5F321800CF7375 /* Info.plist */ = {isa = PBXFileReference; fileEncoding = 4; lastKnownFileType = text.plist.xml; path = Info.plist; sourceTree = "<group>"; };
		AD3BECB01C5F321800CF7375 /* main.m */ = {isa = PBXFileReference; fileEncoding = 4; lastKnownFileType = sourcecode.c.objc; path = main.m; sourceTree = "<group>"; };
		AD3BECB11C5F321800CF7375 /* UINavigationController+HKExts.h */ = {isa = PBXFileReference; fileEncoding = 4; lastKnownFileType = sourcecode.c.h; path = "UINavigationController+HKExts.h"; sourceTree = "<group>"; };
		AD3BECB21C5F321800CF7375 /* UINavigationController+HKExts.m */ = {isa = PBXFileReference; fileEncoding = 4; lastKnownFileType = sourcecode.c.objc; path = "UINavigationController+HKExts.m"; sourceTree = "<group>"; };
		AD3BECB31C5F321800CF7375 /* UIViewController+HKSafeExts.h */ = {isa = PBXFileReference; fileEncoding = 4; lastKnownFileType = sourcecode.c.h; path = "UIViewController+HKSafeExts.h"; sourceTree = "<group>"; };
		AD3BECB41C5F321800CF7375 /* UIViewController+HKSafeExts.m */ = {isa = PBXFileReference; fileEncoding = 4; lastKnownFileType = sourcecode.c.objc; path = "UIViewController+HKSafeExts.m"; sourceTree = "<group>"; };
		AD3BECB51C5F321800CF7375 /* ViewController.h */ = {isa = PBXFileReference; fileEncoding = 4; lastKnownFileType = sourcecode.c.h; path = ViewController.h; sourceTree = "<group>"; };
		AD3BECB61C5F321800CF7375 /* ViewController.m */ = {isa = PBXFileReference; fileEncoding = 4; lastKnownFileType = sourcecode.c.objc; path = ViewController.m; sourceTree = "<group>"; };
/* End PBXFileReference section */

/* Begin PBXFrameworksBuildPhase section */
		AD0DA2611C58D38B00EEC0FA /* Frameworks */ = {
			isa = PBXFrameworksBuildPhase;
			buildActionMask = 2147483647;
			files = (
			);
			runOnlyForDeploymentPostprocessing = 0;
		};
/* End PBXFrameworksBuildPhase section */

/* Begin PBXGroup section */
		AD0DA25B1C58D38B00EEC0FA = {
			isa = PBXGroup;
			children = (
				AD3BECA91C5F321800CF7375 /* SafeNavigation */,
				AD0DA2651C58D38B00EEC0FA /* Products */,
			);
			sourceTree = "<group>";
		};
		AD0DA2651C58D38B00EEC0FA /* Products */ = {
			isa = PBXGroup;
			children = (
				AD0DA2641C58D38B00EEC0FA /* SafeNavigation.app */,
			);
			name = Products;
			sourceTree = "<group>";
		};
		AD3BECA91C5F321800CF7375 /* SafeNavigation */ = {
			isa = PBXGroup;
			children = (
				AD3BECAA1C5F321800CF7375 /* AppDelegate.h */,
				AD3BECAB1C5F321800CF7375 /* AppDelegate.m */,
				AD3BECAC1C5F321800CF7375 /* Assets.xcassets */,
				AD3BECAD1C5F321800CF7375 /* LaunchScreen.storyboard */,
				AD3BECAF1C5F321800CF7375 /* Info.plist */,
				AD3BECB01C5F321800CF7375 /* main.m */,
				AD3BECB11C5F321800CF7375 /* UINavigationController+HKExts.h */,
				AD3BECB21C5F321800CF7375 /* UINavigationController+HKExts.m */,
				AD3BECB31C5F321800CF7375 /* UIViewController+HKSafeExts.h */,
				AD3BECB41C5F321800CF7375 /* UIViewController+HKSafeExts.m */,
				AD3BECB51C5F321800CF7375 /* ViewController.h */,
				AD3BECB61C5F321800CF7375 /* ViewController.m */,
			);
			path = SafeNavigation;
			sourceTree = "<group>";
		};
/* End PBXGroup section */

/* Begin PBXNativeTarget section */
		AD0DA2631C58D38B00EEC0FA /* SafeNavigation */ = {
			isa = PBXNativeTarget;
			buildConfigurationList = AD0DA27B1C58D38B00EEC0FA /* Build configuration list for PBXNativeTarget "SafeNavigation" */;
			buildPhases = (
				AD0DA2601C58D38B00EEC0FA /* Sources */,
				AD0DA2611C58D38B00EEC0FA /* Frameworks */,
				AD0DA2621C58D38B00EEC0FA /* Resources */,
			);
			buildRules = (
			);
			dependencies = (
			);
			name = SafeNavigation;
			productName = SageNavigation;
			productReference = AD0DA2641C58D38B00EEC0FA /* SafeNavigation.app */;
			productType = "com.apple.product-type.application";
		};
/* End PBXNativeTarget section */

/* Begin PBXProject section */
		AD0DA25C1C58D38B00EEC0FA /* Project object */ = {
			isa = PBXProject;
			attributes = {
				LastUpgradeCheck = 0720;
				ORGANIZATIONNAME = mhk;
				TargetAttributes = {
					AD0DA2631C58D38B00EEC0FA = {
						CreatedOnToolsVersion = 7.2;
					};
				};
			};
			buildConfigurationList = AD0DA25F1C58D38B00EEC0FA /* Build configuration list for PBXProject "SafeNavigation" */;
			compatibilityVersion = "Xcode 3.2";
			developmentRegion = English;
			hasScannedForEncodings = 0;
			knownRegions = (
				en,
				Base,
			);
			mainGroup = AD0DA25B1C58D38B00EEC0FA;
			productRefGroup = AD0DA2651C58D38B00EEC0FA /* Products */;
			projectDirPath = "";
			projectRoot = "";
			targets = (
				AD0DA2631C58D38B00EEC0FA /* SafeNavigation */,
			);
		};
/* End PBXProject section */

/* Begin PBXResourcesBuildPhase section */
		AD0DA2621C58D38B00EEC0FA /* Resources */ = {
			isa = PBXResourcesBuildPhase;
			buildActionMask = 2147483647;
			files = (
				AD3BECB91C5F321800CF7375 /* LaunchScreen.storyboard in Resources */,
				AD3BECB81C5F321800CF7375 /* Assets.xcassets in Resources */,
				AD3BECBA1C5F321800CF7375 /* Info.plist in Resources */,
			);
			runOnlyForDeploymentPostprocessing = 0;
		};
/* End PBXResourcesBuildPhase section */

/* Begin PBXSourcesBuildPhase section */
		AD0DA2601C58D38B00EEC0FA /* Sources */ = {
			isa = PBXSourcesBuildPhase;
			buildActionMask = 2147483647;
			files = (
				AD3BECB71C5F321800CF7375 /* AppDelegate.m in Sources */,
				AD3BECBE1C5F321800CF7375 /* ViewController.m in Sources */,
				AD3BECBD1C5F321800CF7375 /* UIViewController+HKSafeExts.m in Sources */,
				AD3BECBB1C5F321800CF7375 /* main.m in Sources */,
				AD3BECBC1C5F321800CF7375 /* UINavigationController+HKExts.m in Sources */,
			);
			runOnlyForDeploymentPostprocessing = 0;
		};
/* End PBXSourcesBuildPhase section */

/* Begin PBXVariantGroup section */
		AD3BECAD1C5F321800CF7375 /* LaunchScreen.storyboard */ = {
			isa = PBXVariantGroup;
			children = (
				AD3BECAE1C5F321800CF7375 /* Base */,
			);
			name = LaunchScreen.storyboard;
			sourceTree = "<group>";
		};
/* End PBXVariantGroup section */

/* Begin XCBuildConfiguration section */
		AD0DA2791C58D38B00EEC0FA /* Debug */ = {
			isa = XCBuildConfiguration;
			buildSettings = {
				ALWAYS_SEARCH_USER_PATHS = NO;
				CLANG_CXX_LANGUAGE_STANDARD = "gnu++0x";
				CLANG_CXX_LIBRARY = "libc++";
				CLANG_ENABLE_MODULES = YES;
				CLANG_ENABLE_OBJC_ARC = YES;
				CLANG_WARN_BOOL_CONVERSION = YES;
				CLANG_WARN_CONSTANT_CONVERSION = YES;
				CLANG_WARN_DIRECT_OBJC_ISA_USAGE = YES_ERROR;
				CLANG_WARN_EMPTY_BODY = YES;
				CLANG_WARN_ENUM_CONVERSION = YES;
				CLANG_WARN_INT_CONVERSION = YES;
				CLANG_WARN_OBJC_ROOT_CLASS = YES_ERROR;
				CLANG_WARN_UNREACHABLE_CODE = YES;
				CLANG_WARN__DUPLICATE_METHOD_MATCH = YES;
				"CODE_SIGN_IDENTITY[sdk=iphoneos*]" = "iPhone Developer";
				COPY_PHASE_STRIP = NO;
				DEBUG_INFORMATION_FORMAT = dwarf;
				ENABLE_STRICT_OBJC_MSGSEND = YES;
				ENABLE_TESTABILITY = YES;
				GCC_C_LANGUAGE_STANDARD = gnu99;
				GCC_DYNAMIC_NO_PIC = NO;
				GCC_NO_COMMON_BLOCKS = YES;
				GCC_OPTIMIZATION_LEVEL = 0;
				GCC_PREPROCESSOR_DEFINITIONS = (
					"DEBUG=1",
					"$(inherited)",
				);
				GCC_WARN_64_TO_32_BIT_CONVERSION = YES;
				GCC_WARN_ABOUT_RETURN_TYPE = YES_ERROR;
				GCC_WARN_UNDECLARED_SELECTOR = YES;
				GCC_WARN_UNINITIALIZED_AUTOS = YES_AGGRESSIVE;
				GCC_WARN_UNUSED_FUNCTION = YES;
				GCC_WARN_UNUSED_VARIABLE = YES;
				IPHONEOS_DEPLOYMENT_TARGET = 9.2;
				MTL_ENABLE_DEBUG_INFO = YES;
				ONLY_ACTIVE_ARCH = YES;
				SDKROOT = iphoneos;
			};
			name = Debug;
		};
		AD0DA27A1C58D38B00EEC0FA /* Release */ = {
			isa = XCBuildConfiguration;
			buildSettings = {
				ALWAYS_SEARCH_USER_PATHS = NO;
				CLANG_CXX_LANGUAGE_STANDARD = "gnu++0x";
				CLANG_CXX_LIBRARY = "libc++";
				CLANG_ENABLE_MODULES = YES;
				CLANG_ENABLE_OBJC_ARC = YES;
				CLANG_WARN_BOOL_CONVERSION = YES;
				CLANG_WARN_CONSTANT_CONVERSION = YES;
				CLANG_WARN_DIRECT_OBJC_ISA_USAGE = YES_ERROR;
				CLANG_WARN_EMPTY_BODY = YES;
				CLANG_WARN_ENUM_CONVERSION = YES;
				CLANG_WARN_INT_CONVERSION = YES;
				CLANG_WARN_OBJC_ROOT_CLASS = YES_ERROR;
				CLANG_WARN_UNREACHABLE_CODE = YES;
				CLANG_WARN__DUPLICATE_METHOD_MATCH = YES;
				"CODE_SIGN_IDENTITY[sdk=iphoneos*]" = "iPhone Developer";
				COPY_PHASE_STRIP = NO;
				DEBUG_INFORMATION_FORMAT = "dwarf-with-dsym";
				ENABLE_NS_ASSERTIONS = NO;
				ENABLE_STRICT_OBJC_MSGSEND = YES;
				GCC_C_LANGUAGE_STANDARD = gnu99;
				GCC_NO_COMMON_BLOCKS = YES;
				GCC_WARN_64_TO_32_BIT_CONVERSION = YES;
				GCC_WARN_ABOUT_RETURN_TYPE = YES_ERROR;
				GCC_WARN_UNDECLARED_SELECTOR = YES;
				GCC_WARN_UNINITIALIZED_AUTOS = YES_AGGRESSIVE;
				GCC_WARN_UNUSED_FUNCTION = YES;
				GCC_WARN_UNUSED_VARIABLE = YES;
				IPHONEOS_DEPLOYMENT_TARGET = 9.2;
				MTL_ENABLE_DEBUG_INFO = NO;
				SDKROOT = iphoneos;
				VALIDATE_PRODUCT = YES;
			};
			name = Release;
		};
		AD0DA27C1C58D38B00EEC0FA /* Debug */ = {
			isa = XCBuildConfiguration;
			buildSettings = {
				ASSETCATALOG_COMPILER_APPICON_NAME = AppIcon;
				INFOPLIST_FILE = SafeNavigation/Info.plist;
				IPHONEOS_DEPLOYMENT_TARGET = 7.0;
				LD_RUNPATH_SEARCH_PATHS = "$(inherited) @executable_path/Frameworks";
				PRODUCT_BUNDLE_IDENTIFIER = com.mhk.ios.SageNavigation;
				PRODUCT_NAME = SafeNavigation;
			};
			name = Debug;
		};
		AD0DA27D1C58D38B00EEC0FA /* Release */ = {
			isa = XCBuildConfiguration;
			buildSettings = {
				ASSETCATALOG_COMPILER_APPICON_NAME = AppIcon;
				INFOPLIST_FILE = SafeNavigation/Info.plist;
				IPHONEOS_DEPLOYMENT_TARGET = 7.0;
				LD_RUNPATH_SEARCH_PATHS = "$(inherited) @executable_path/Frameworks";
				PRODUCT_BUNDLE_IDENTIFIER = com.mhk.ios.SageNavigation;
				PRODUCT_NAME = SafeNavigation;
			};
			name = Release;
		};
/* End XCBuildConfiguration section */

/* Begin XCConfigurationList section */
		AD0DA25F1C58D38B00EEC0FA /* Build configuration list for PBXProject "SafeNavigation" */ = {
			isa = XCConfigurationList;
			buildConfigurations = (
				AD0DA2791C58D38B00EEC0FA /* Debug */,
				AD0DA27A1C58D38B00EEC0FA /* Release */,
			);
			defaultConfigurationIsVisible = 0;
			defaultConfigurationName = Release;
		};
		AD0DA27B1C58D38B00EEC0FA /* Build configuration list for PBXNativeTarget "SafeNavigation" */ = {
			isa = XCConfigurationList;
			buildConfigurations = (
				AD0DA27C1C58D38B00EEC0FA /* Debug */,
				AD0DA27D1C58D38B00EEC0FA /* Release */,
			);
			defaultConfigurationIsVisible = 0;
			defaultConfigurationName = Release;
		};
/* End XCConfigurationList section */
	};
	rootObject = AD0DA25C1C58D38B00EEC0FA /* Project object */;
}
